// !$*UTF8*$!
{
	archiveVersion = 1;
	classes = {
	};
	objectVersion = 56;
	objects = {

/* Begin PBXBuildFile section */
		01016BFE2A545D9A00BE7787 /* HomeViewController.swift in Sources */ = {isa = PBXBuildFile; fileRef = 01016BFD2A545D9A00BE7787 /* HomeViewController.swift */; };
		01CFA01B2A5499110003D55A /* LoginViewController.swift in Sources */ = {isa = PBXBuildFile; fileRef = 01CFA01A2A5499110003D55A /* LoginViewController.swift */; };
		01CFA01D2A54991D0003D55A /* RegisterViewController.swift in Sources */ = {isa = PBXBuildFile; fileRef = 01CFA01C2A54991D0003D55A /* RegisterViewController.swift */; };
		01CFA0202A5499410003D55A /* UserApiManager.swift in Sources */ = {isa = PBXBuildFile; fileRef = 01CFA01F2A5499410003D55A /* UserApiManager.swift */; };
		01CFA0242A549A3F0003D55A /* CustomTextField.swift in Sources */ = {isa = PBXBuildFile; fileRef = 01CFA0232A549A3F0003D55A /* CustomTextField.swift */; };
		01CFA0262A54B8160003D55A /* CustomButton.swift in Sources */ = {isa = PBXBuildFile; fileRef = 01CFA0252A54B8160003D55A /* CustomButton.swift */; };
		01CFA0282A54BE2A0003D55A /* AlertHelper.swift in Sources */ = {isa = PBXBuildFile; fileRef = 01CFA0272A54BE2A0003D55A /* AlertHelper.swift */; };
		01CFA02C2A54BF230003D55A /* UserMessageConstants.swift in Sources */ = {isa = PBXBuildFile; fileRef = 01CFA02B2A54BF230003D55A /* UserMessageConstants.swift */; };
		01D1263D2A56E7EC004BA1BD /* Alamofire in Frameworks */ = {isa = PBXBuildFile; productRef = 01D1263C2A56E7EC004BA1BD /* Alamofire */; };
		01D1263F2A56E933004BA1BD /* UrlConstants.swift in Sources */ = {isa = PBXBuildFile; fileRef = 01D1263E2A56E933004BA1BD /* UrlConstants.swift */; };
		01D126412A56E9B3004BA1BD /* LoginRequest.swift in Sources */ = {isa = PBXBuildFile; fileRef = 01D126402A56E9B3004BA1BD /* LoginRequest.swift */; };
		01D126432A56E9E1004BA1BD /* LoginResponse.swift in Sources */ = {isa = PBXBuildFile; fileRef = 01D126422A56E9E1004BA1BD /* LoginResponse.swift */; };
		01D126452A56EB92004BA1BD /* BaseResponse.swift in Sources */ = {isa = PBXBuildFile; fileRef = 01D126442A56EB92004BA1BD /* BaseResponse.swift */; };
		01D1264A2A56EF16004BA1BD /* LoginResponseModel.swift in Sources */ = {isa = PBXBuildFile; fileRef = 01D126492A56EF16004BA1BD /* LoginResponseModel.swift */; };
		01D1264C2A56F05C004BA1BD /* Encrypter.swift in Sources */ = {isa = PBXBuildFile; fileRef = 01D1264B2A56F05C004BA1BD /* Encrypter.swift */; };
		01D1264E2A56F10F004BA1BD /* CryptoConstants.swift in Sources */ = {isa = PBXBuildFile; fileRef = 01D1264D2A56F10F004BA1BD /* CryptoConstants.swift */; };
		01D126502A56F174004BA1BD /* RegisterRequest.swift in Sources */ = {isa = PBXBuildFile; fileRef = 01D1264F2A56F174004BA1BD /* RegisterRequest.swift */; };
		01D126522A56F1CC004BA1BD /* RegisterResponse.swift in Sources */ = {isa = PBXBuildFile; fileRef = 01D126512A56F1CC004BA1BD /* RegisterResponse.swift */; };
		01D126542A56F1F1004BA1BD /* RegisterResponseModel.swift in Sources */ = {isa = PBXBuildFile; fileRef = 01D126532A56F1F1004BA1BD /* RegisterResponseModel.swift */; };
		01D126582A56F7BE004BA1BD /* PetApiManager.swift in Sources */ = {isa = PBXBuildFile; fileRef = 01D126572A56F7BE004BA1BD /* PetApiManager.swift */; };
		01D1265A2A56FCAD004BA1BD /* GlobalInformations.swift in Sources */ = {isa = PBXBuildFile; fileRef = 01D126592A56FCAD004BA1BD /* GlobalInformations.swift */; };
		01DE9FA82A50EBB200FC1E71 /* AppDelegate.swift in Sources */ = {isa = PBXBuildFile; fileRef = 01DE9FA72A50EBB200FC1E71 /* AppDelegate.swift */; };
		01DE9FAA2A50EBB200FC1E71 /* SceneDelegate.swift in Sources */ = {isa = PBXBuildFile; fileRef = 01DE9FA92A50EBB200FC1E71 /* SceneDelegate.swift */; };
		01DE9FAC2A50EBB200FC1E71 /* ViewController.swift in Sources */ = {isa = PBXBuildFile; fileRef = 01DE9FAB2A50EBB200FC1E71 /* ViewController.swift */; };
		01DE9FB12A50EBB300FC1E71 /* Assets.xcassets in Resources */ = {isa = PBXBuildFile; fileRef = 01DE9FB02A50EBB300FC1E71 /* Assets.xcassets */; };
		01DE9FB42A50EBB300FC1E71 /* LaunchScreen.storyboard in Resources */ = {isa = PBXBuildFile; fileRef = 01DE9FB22A50EBB300FC1E71 /* LaunchScreen.storyboard */; };
		01DE9FBF2A50EBB300FC1E71 /* PetTrackerIOSTests.swift in Sources */ = {isa = PBXBuildFile; fileRef = 01DE9FBE2A50EBB300FC1E71 /* PetTrackerIOSTests.swift */; };
		01DE9FC92A50EBB300FC1E71 /* PetTrackerIOSUITests.swift in Sources */ = {isa = PBXBuildFile; fileRef = 01DE9FC82A50EBB300FC1E71 /* PetTrackerIOSUITests.swift */; };
		01DE9FCB2A50EBB300FC1E71 /* PetTrackerIOSUITestsLaunchTests.swift in Sources */ = {isa = PBXBuildFile; fileRef = 01DE9FCA2A50EBB300FC1E71 /* PetTrackerIOSUITestsLaunchTests.swift */; };
/* End PBXBuildFile section */

/* Begin PBXContainerItemProxy section */
		01DE9FBB2A50EBB300FC1E71 /* PBXContainerItemProxy */ = {
			isa = PBXContainerItemProxy;
			containerPortal = 01DE9F9C2A50EBB100FC1E71 /* Project object */;
			proxyType = 1;
			remoteGlobalIDString = 01DE9FA32A50EBB100FC1E71;
			remoteInfo = PetTrackerIOS;
		};
		01DE9FC52A50EBB300FC1E71 /* PBXContainerItemProxy */ = {
			isa = PBXContainerItemProxy;
			containerPortal = 01DE9F9C2A50EBB100FC1E71 /* Project object */;
			proxyType = 1;
			remoteGlobalIDString = 01DE9FA32A50EBB100FC1E71;
			remoteInfo = PetTrackerIOS;
		};
/* End PBXContainerItemProxy section */

/* Begin PBXFileReference section */
		01016BFD2A545D9A00BE7787 /* HomeViewController.swift */ = {isa = PBXFileReference; lastKnownFileType = sourcecode.swift; path = HomeViewController.swift; sourceTree = "<group>"; };
		01CFA01A2A5499110003D55A /* LoginViewController.swift */ = {isa = PBXFileReference; lastKnownFileType = sourcecode.swift; path = LoginViewController.swift; sourceTree = "<group>"; };
		01CFA01C2A54991D0003D55A /* RegisterViewController.swift */ = {isa = PBXFileReference; lastKnownFileType = sourcecode.swift; path = RegisterViewController.swift; sourceTree = "<group>"; };
		01CFA01F2A5499410003D55A /* UserApiManager.swift */ = {isa = PBXFileReference; lastKnownFileType = sourcecode.swift; path = UserApiManager.swift; sourceTree = "<group>"; };
		01CFA0232A549A3F0003D55A /* CustomTextField.swift */ = {isa = PBXFileReference; lastKnownFileType = sourcecode.swift; path = CustomTextField.swift; sourceTree = "<group>"; };
		01CFA0252A54B8160003D55A /* CustomButton.swift */ = {isa = PBXFileReference; lastKnownFileType = sourcecode.swift; path = CustomButton.swift; sourceTree = "<group>"; };
		01CFA0272A54BE2A0003D55A /* AlertHelper.swift */ = {isa = PBXFileReference; lastKnownFileType = sourcecode.swift; path = AlertHelper.swift; sourceTree = "<group>"; };
		01CFA02B2A54BF230003D55A /* UserMessageConstants.swift */ = {isa = PBXFileReference; lastKnownFileType = sourcecode.swift; path = UserMessageConstants.swift; sourceTree = "<group>"; };
		01D1263E2A56E933004BA1BD /* UrlConstants.swift */ = {isa = PBXFileReference; lastKnownFileType = sourcecode.swift; path = UrlConstants.swift; sourceTree = "<group>"; };
		01D126402A56E9B3004BA1BD /* LoginRequest.swift */ = {isa = PBXFileReference; lastKnownFileType = sourcecode.swift; path = LoginRequest.swift; sourceTree = "<group>"; };
		01D126422A56E9E1004BA1BD /* LoginResponse.swift */ = {isa = PBXFileReference; lastKnownFileType = sourcecode.swift; path = LoginResponse.swift; sourceTree = "<group>"; };
		01D126442A56EB92004BA1BD /* BaseResponse.swift */ = {isa = PBXFileReference; lastKnownFileType = sourcecode.swift; path = BaseResponse.swift; sourceTree = "<group>"; };
		01D126492A56EF16004BA1BD /* LoginResponseModel.swift */ = {isa = PBXFileReference; lastKnownFileType = sourcecode.swift; path = LoginResponseModel.swift; sourceTree = "<group>"; };
		01D1264B2A56F05C004BA1BD /* Encrypter.swift */ = {isa = PBXFileReference; lastKnownFileType = sourcecode.swift; path = Encrypter.swift; sourceTree = "<group>"; };
		01D1264D2A56F10F004BA1BD /* CryptoConstants.swift */ = {isa = PBXFileReference; lastKnownFileType = sourcecode.swift; path = CryptoConstants.swift; sourceTree = "<group>"; };
		01D1264F2A56F174004BA1BD /* RegisterRequest.swift */ = {isa = PBXFileReference; lastKnownFileType = sourcecode.swift; path = RegisterRequest.swift; sourceTree = "<group>"; };
		01D126512A56F1CC004BA1BD /* RegisterResponse.swift */ = {isa = PBXFileReference; lastKnownFileType = sourcecode.swift; path = RegisterResponse.swift; sourceTree = "<group>"; };
		01D126532A56F1F1004BA1BD /* RegisterResponseModel.swift */ = {isa = PBXFileReference; lastKnownFileType = sourcecode.swift; path = RegisterResponseModel.swift; sourceTree = "<group>"; };
		01D126572A56F7BE004BA1BD /* PetApiManager.swift */ = {isa = PBXFileReference; lastKnownFileType = sourcecode.swift; path = PetApiManager.swift; sourceTree = "<group>"; };
		01D126592A56FCAD004BA1BD /* GlobalInformations.swift */ = {isa = PBXFileReference; lastKnownFileType = sourcecode.swift; path = GlobalInformations.swift; sourceTree = "<group>"; };
		01DE9FA42A50EBB100FC1E71 /* PetTrackerIOS.app */ = {isa = PBXFileReference; explicitFileType = wrapper.application; includeInIndex = 0; path = PetTrackerIOS.app; sourceTree = BUILT_PRODUCTS_DIR; };
		01DE9FA72A50EBB200FC1E71 /* AppDelegate.swift */ = {isa = PBXFileReference; lastKnownFileType = sourcecode.swift; path = AppDelegate.swift; sourceTree = "<group>"; };
		01DE9FA92A50EBB200FC1E71 /* SceneDelegate.swift */ = {isa = PBXFileReference; lastKnownFileType = sourcecode.swift; path = SceneDelegate.swift; sourceTree = "<group>"; };
		01DE9FAB2A50EBB200FC1E71 /* ViewController.swift */ = {isa = PBXFileReference; lastKnownFileType = sourcecode.swift; path = ViewController.swift; sourceTree = "<group>"; };
		01DE9FB02A50EBB300FC1E71 /* Assets.xcassets */ = {isa = PBXFileReference; lastKnownFileType = folder.assetcatalog; path = Assets.xcassets; sourceTree = "<group>"; };
		01DE9FB32A50EBB300FC1E71 /* Base */ = {isa = PBXFileReference; lastKnownFileType = file.storyboard; name = Base; path = Base.lproj/LaunchScreen.storyboard; sourceTree = "<group>"; };
		01DE9FB52A50EBB300FC1E71 /* Info.plist */ = {isa = PBXFileReference; lastKnownFileType = text.plist.xml; path = Info.plist; sourceTree = "<group>"; };
		01DE9FBA2A50EBB300FC1E71 /* PetTrackerIOSTests.xctest */ = {isa = PBXFileReference; explicitFileType = wrapper.cfbundle; includeInIndex = 0; path = PetTrackerIOSTests.xctest; sourceTree = BUILT_PRODUCTS_DIR; };
		01DE9FBE2A50EBB300FC1E71 /* PetTrackerIOSTests.swift */ = {isa = PBXFileReference; lastKnownFileType = sourcecode.swift; path = PetTrackerIOSTests.swift; sourceTree = "<group>"; };
		01DE9FC42A50EBB300FC1E71 /* PetTrackerIOSUITests.xctest */ = {isa = PBXFileReference; explicitFileType = wrapper.cfbundle; includeInIndex = 0; path = PetTrackerIOSUITests.xctest; sourceTree = BUILT_PRODUCTS_DIR; };
		01DE9FC82A50EBB300FC1E71 /* PetTrackerIOSUITests.swift */ = {isa = PBXFileReference; lastKnownFileType = sourcecode.swift; path = PetTrackerIOSUITests.swift; sourceTree = "<group>"; };
		01DE9FCA2A50EBB300FC1E71 /* PetTrackerIOSUITestsLaunchTests.swift */ = {isa = PBXFileReference; lastKnownFileType = sourcecode.swift; path = PetTrackerIOSUITestsLaunchTests.swift; sourceTree = "<group>"; };
/* End PBXFileReference section */

/* Begin PBXFrameworksBuildPhase section */
		01DE9FA12A50EBB100FC1E71 /* Frameworks */ = {
			isa = PBXFrameworksBuildPhase;
			buildActionMask = 2147483647;
			files = (
				01D1263D2A56E7EC004BA1BD /* Alamofire in Frameworks */,
			);
			runOnlyForDeploymentPostprocessing = 0;
		};
		01DE9FB72A50EBB300FC1E71 /* Frameworks */ = {
			isa = PBXFrameworksBuildPhase;
			buildActionMask = 2147483647;
			files = (
			);
			runOnlyForDeploymentPostprocessing = 0;
		};
		01DE9FC12A50EBB300FC1E71 /* Frameworks */ = {
			isa = PBXFrameworksBuildPhase;
			buildActionMask = 2147483647;
			files = (
			);
			runOnlyForDeploymentPostprocessing = 0;
		};
/* End PBXFrameworksBuildPhase section */

/* Begin PBXGroup section */
		01CFA0162A5498400003D55A /* ViewControllers */ = {
			isa = PBXGroup;
			children = (
				01016BFD2A545D9A00BE7787 /* HomeViewController.swift */,
				01CFA01A2A5499110003D55A /* LoginViewController.swift */,
				01CFA01C2A54991D0003D55A /* RegisterViewController.swift */,
			);
			path = ViewControllers;
			sourceTree = "<group>";
		};
		01CFA0172A54984E0003D55A /* CustomViews */ = {
			isa = PBXGroup;
			children = (
				01CFA0232A549A3F0003D55A /* CustomTextField.swift */,
				01CFA0252A54B8160003D55A /* CustomButton.swift */,
			);
			path = CustomViews;
			sourceTree = "<group>";
		};
		01CFA0182A5498B90003D55A /* Managers */ = {
			isa = PBXGroup;
			children = (
				01CFA01E2A5499240003D55A /* ApiManagers */,
			);
			path = Managers;
			sourceTree = "<group>";
		};
		01CFA0192A5498C50003D55A /* Utilities */ = {
			isa = PBXGroup;
			children = (
				01CFA0272A54BE2A0003D55A /* AlertHelper.swift */,
				01D1264B2A56F05C004BA1BD /* Encrypter.swift */,
				01D126592A56FCAD004BA1BD /* GlobalInformations.swift */,
			);
			path = Utilities;
			sourceTree = "<group>";
		};
		01CFA01E2A5499240003D55A /* ApiManagers */ = {
			isa = PBXGroup;
			children = (
				01CFA01F2A5499410003D55A /* UserApiManager.swift */,
				01D126572A56F7BE004BA1BD /* PetApiManager.swift */,
			);
			path = ApiManagers;
			sourceTree = "<group>";
		};
		01CFA0292A54BF0C0003D55A /* Models */ = {
			isa = PBXGroup;
			children = (
				01D1263A2A56E64B004BA1BD /* DataTransferObjects */,
				01CFA02A2A54BF140003D55A /* Constants */,
			);
			path = Models;
			sourceTree = "<group>";
		};
		01CFA02A2A54BF140003D55A /* Constants */ = {
			isa = PBXGroup;
			children = (
				01CFA02B2A54BF230003D55A /* UserMessageConstants.swift */,
				01D1263E2A56E933004BA1BD /* UrlConstants.swift */,
				01D1264D2A56F10F004BA1BD /* CryptoConstants.swift */,
			);
			path = Constants;
			sourceTree = "<group>";
		};
		01D1263A2A56E64B004BA1BD /* DataTransferObjects */ = {
			isa = PBXGroup;
			children = (
				01D126482A56EEE0004BA1BD /* ResponseModels */,
				01D126472A56EED7004BA1BD /* Responses */,
				01D126462A56EEC8004BA1BD /* Requests */,
			);
			path = DataTransferObjects;
			sourceTree = "<group>";
		};
		01D126462A56EEC8004BA1BD /* Requests */ = {
			isa = PBXGroup;
			children = (
				01D126402A56E9B3004BA1BD /* LoginRequest.swift */,
				01D1264F2A56F174004BA1BD /* RegisterRequest.swift */,
			);
			path = Requests;
			sourceTree = "<group>";
		};
		01D126472A56EED7004BA1BD /* Responses */ = {
			isa = PBXGroup;
			children = (
				01D126442A56EB92004BA1BD /* BaseResponse.swift */,
				01D126422A56E9E1004BA1BD /* LoginResponse.swift */,
				01D126512A56F1CC004BA1BD /* RegisterResponse.swift */,
			);
			path = Responses;
			sourceTree = "<group>";
		};
		01D126482A56EEE0004BA1BD /* ResponseModels */ = {
			isa = PBXGroup;
			children = (
				01D126492A56EF16004BA1BD /* LoginResponseModel.swift */,
				01D126532A56F1F1004BA1BD /* RegisterResponseModel.swift */,
			);
			path = ResponseModels;
			sourceTree = "<group>";
		};
		01DE9F9B2A50EBB100FC1E71 = {
			isa = PBXGroup;
			children = (
				01DE9FA62A50EBB100FC1E71 /* PetTrackerIOS */,
				01DE9FBD2A50EBB300FC1E71 /* PetTrackerIOSTests */,
				01DE9FC72A50EBB300FC1E71 /* PetTrackerIOSUITests */,
				01DE9FA52A50EBB100FC1E71 /* Products */,
			);
			sourceTree = "<group>";
		};
		01DE9FA52A50EBB100FC1E71 /* Products */ = {
			isa = PBXGroup;
			children = (
				01DE9FA42A50EBB100FC1E71 /* PetTrackerIOS.app */,
				01DE9FBA2A50EBB300FC1E71 /* PetTrackerIOSTests.xctest */,
				01DE9FC42A50EBB300FC1E71 /* PetTrackerIOSUITests.xctest */,
			);
			name = Products;
			sourceTree = "<group>";
		};
		01DE9FA62A50EBB100FC1E71 /* PetTrackerIOS */ = {
			isa = PBXGroup;
			children = (
				01CFA0292A54BF0C0003D55A /* Models */,
				01CFA0192A5498C50003D55A /* Utilities */,
				01CFA0182A5498B90003D55A /* Managers */,
				01CFA0172A54984E0003D55A /* CustomViews */,
				01CFA0162A5498400003D55A /* ViewControllers */,
				01DE9FA72A50EBB200FC1E71 /* AppDelegate.swift */,
				01DE9FA92A50EBB200FC1E71 /* SceneDelegate.swift */,
				01DE9FAB2A50EBB200FC1E71 /* ViewController.swift */,
				01DE9FB02A50EBB300FC1E71 /* Assets.xcassets */,
				01DE9FB22A50EBB300FC1E71 /* LaunchScreen.storyboard */,
				01DE9FB52A50EBB300FC1E71 /* Info.plist */,
			);
			path = PetTrackerIOS;
			sourceTree = "<group>";
		};
		01DE9FBD2A50EBB300FC1E71 /* PetTrackerIOSTests */ = {
			isa = PBXGroup;
			children = (
				01DE9FBE2A50EBB300FC1E71 /* PetTrackerIOSTests.swift */,
			);
			path = PetTrackerIOSTests;
			sourceTree = "<group>";
		};
		01DE9FC72A50EBB300FC1E71 /* PetTrackerIOSUITests */ = {
			isa = PBXGroup;
			children = (
				01DE9FC82A50EBB300FC1E71 /* PetTrackerIOSUITests.swift */,
				01DE9FCA2A50EBB300FC1E71 /* PetTrackerIOSUITestsLaunchTests.swift */,
			);
			path = PetTrackerIOSUITests;
			sourceTree = "<group>";
		};
/* End PBXGroup section */

/* Begin PBXNativeTarget section */
		01DE9FA32A50EBB100FC1E71 /* PetTrackerIOS */ = {
			isa = PBXNativeTarget;
			buildConfigurationList = 01DE9FCE2A50EBB300FC1E71 /* Build configuration list for PBXNativeTarget "PetTrackerIOS" */;
			buildPhases = (
				01DE9FA02A50EBB100FC1E71 /* Sources */,
				01DE9FA12A50EBB100FC1E71 /* Frameworks */,
				01DE9FA22A50EBB100FC1E71 /* Resources */,
			);
			buildRules = (
			);
			dependencies = (
			);
			name = PetTrackerIOS;
			packageProductDependencies = (
				01D1263C2A56E7EC004BA1BD /* Alamofire */,
			);
			productName = PetTrackerIOS;
			productReference = 01DE9FA42A50EBB100FC1E71 /* PetTrackerIOS.app */;
			productType = "com.apple.product-type.application";
		};
		01DE9FB92A50EBB300FC1E71 /* PetTrackerIOSTests */ = {
			isa = PBXNativeTarget;
			buildConfigurationList = 01DE9FD12A50EBB300FC1E71 /* Build configuration list for PBXNativeTarget "PetTrackerIOSTests" */;
			buildPhases = (
				01DE9FB62A50EBB300FC1E71 /* Sources */,
				01DE9FB72A50EBB300FC1E71 /* Frameworks */,
				01DE9FB82A50EBB300FC1E71 /* Resources */,
			);
			buildRules = (
			);
			dependencies = (
				01DE9FBC2A50EBB300FC1E71 /* PBXTargetDependency */,
			);
			name = PetTrackerIOSTests;
			productName = PetTrackerIOSTests;
			productReference = 01DE9FBA2A50EBB300FC1E71 /* PetTrackerIOSTests.xctest */;
			productType = "com.apple.product-type.bundle.unit-test";
		};
		01DE9FC32A50EBB300FC1E71 /* PetTrackerIOSUITests */ = {
			isa = PBXNativeTarget;
			buildConfigurationList = 01DE9FD42A50EBB300FC1E71 /* Build configuration list for PBXNativeTarget "PetTrackerIOSUITests" */;
			buildPhases = (
				01DE9FC02A50EBB300FC1E71 /* Sources */,
				01DE9FC12A50EBB300FC1E71 /* Frameworks */,
				01DE9FC22A50EBB300FC1E71 /* Resources */,
			);
			buildRules = (
			);
			dependencies = (
				01DE9FC62A50EBB300FC1E71 /* PBXTargetDependency */,
			);
			name = PetTrackerIOSUITests;
			productName = PetTrackerIOSUITests;
			productReference = 01DE9FC42A50EBB300FC1E71 /* PetTrackerIOSUITests.xctest */;
			productType = "com.apple.product-type.bundle.ui-testing";
		};
/* End PBXNativeTarget section */

/* Begin PBXProject section */
		01DE9F9C2A50EBB100FC1E71 /* Project object */ = {
			isa = PBXProject;
			attributes = {
				BuildIndependentTargetsInParallel = 1;
				LastSwiftUpdateCheck = 1430;
				LastUpgradeCheck = 1430;
				TargetAttributes = {
					01DE9FA32A50EBB100FC1E71 = {
						CreatedOnToolsVersion = 14.3.1;
					};
					01DE9FB92A50EBB300FC1E71 = {
						CreatedOnToolsVersion = 14.3.1;
						TestTargetID = 01DE9FA32A50EBB100FC1E71;
					};
					01DE9FC32A50EBB300FC1E71 = {
						CreatedOnToolsVersion = 14.3.1;
						TestTargetID = 01DE9FA32A50EBB100FC1E71;
					};
				};
			};
			buildConfigurationList = 01DE9F9F2A50EBB100FC1E71 /* Build configuration list for PBXProject "PetTrackerIOS" */;
			compatibilityVersion = "Xcode 14.0";
			developmentRegion = en;
			hasScannedForEncodings = 0;
			knownRegions = (
				en,
				Base,
			);
			mainGroup = 01DE9F9B2A50EBB100FC1E71;
			packageReferences = (
				01D1263B2A56E7EC004BA1BD /* XCRemoteSwiftPackageReference "Alamofire" */,
			);
			productRefGroup = 01DE9FA52A50EBB100FC1E71 /* Products */;
			projectDirPath = "";
			projectRoot = "";
			targets = (
				01DE9FA32A50EBB100FC1E71 /* PetTrackerIOS */,
				01DE9FB92A50EBB300FC1E71 /* PetTrackerIOSTests */,
				01DE9FC32A50EBB300FC1E71 /* PetTrackerIOSUITests */,
			);
		};
/* End PBXProject section */

/* Begin PBXResourcesBuildPhase section */
		01DE9FA22A50EBB100FC1E71 /* Resources */ = {
			isa = PBXResourcesBuildPhase;
			buildActionMask = 2147483647;
			files = (
				01DE9FB42A50EBB300FC1E71 /* LaunchScreen.storyboard in Resources */,
				01DE9FB12A50EBB300FC1E71 /* Assets.xcassets in Resources */,
			);
			runOnlyForDeploymentPostprocessing = 0;
		};
		01DE9FB82A50EBB300FC1E71 /* Resources */ = {
			isa = PBXResourcesBuildPhase;
			buildActionMask = 2147483647;
			files = (
			);
			runOnlyForDeploymentPostprocessing = 0;
		};
		01DE9FC22A50EBB300FC1E71 /* Resources */ = {
			isa = PBXResourcesBuildPhase;
			buildActionMask = 2147483647;
			files = (
			);
			runOnlyForDeploymentPostprocessing = 0;
		};
/* End PBXResourcesBuildPhase section */

/* Begin PBXSourcesBuildPhase section */
		01DE9FA02A50EBB100FC1E71 /* Sources */ = {
			isa = PBXSourcesBuildPhase;
			buildActionMask = 2147483647;
			files = (
				01D126452A56EB92004BA1BD /* BaseResponse.swift in Sources */,
				01DE9FAC2A50EBB200FC1E71 /* ViewController.swift in Sources */,
				01D126412A56E9B3004BA1BD /* LoginRequest.swift in Sources */,
				01DE9FA82A50EBB200FC1E71 /* AppDelegate.swift in Sources */,
				01D126502A56F174004BA1BD /* RegisterRequest.swift in Sources */,
				01CFA0262A54B8160003D55A /* CustomButton.swift in Sources */,
				01D1265A2A56FCAD004BA1BD /* GlobalInformations.swift in Sources */,
				01DE9FAA2A50EBB200FC1E71 /* SceneDelegate.swift in Sources */,
				01CFA0202A5499410003D55A /* UserApiManager.swift in Sources */,
				01D126432A56E9E1004BA1BD /* LoginResponse.swift in Sources */,
				01D1264C2A56F05C004BA1BD /* Encrypter.swift in Sources */,
				01D126582A56F7BE004BA1BD /* PetApiManager.swift in Sources */,
				01CFA0242A549A3F0003D55A /* CustomTextField.swift in Sources */,
				01CFA01D2A54991D0003D55A /* RegisterViewController.swift in Sources */,
				01CFA01B2A5499110003D55A /* LoginViewController.swift in Sources */,
				01D126522A56F1CC004BA1BD /* RegisterResponse.swift in Sources */,
				01D126542A56F1F1004BA1BD /* RegisterResponseModel.swift in Sources */,
				01CFA0282A54BE2A0003D55A /* AlertHelper.swift in Sources */,
				01D1264A2A56EF16004BA1BD /* LoginResponseModel.swift in Sources */,
				01D1264E2A56F10F004BA1BD /* CryptoConstants.swift in Sources */,
				01D1263F2A56E933004BA1BD /* UrlConstants.swift in Sources */,
				01CFA02C2A54BF230003D55A /* UserMessageConstants.swift in Sources */,
				01016BFE2A545D9A00BE7787 /* HomeViewController.swift in Sources */,
			);
			runOnlyForDeploymentPostprocessing = 0;
		};
		01DE9FB62A50EBB300FC1E71 /* Sources */ = {
			isa = PBXSourcesBuildPhase;
			buildActionMask = 2147483647;
			files = (
				01DE9FBF2A50EBB300FC1E71 /* PetTrackerIOSTests.swift in Sources */,
			);
			runOnlyForDeploymentPostprocessing = 0;
		};
		01DE9FC02A50EBB300FC1E71 /* Sources */ = {
			isa = PBXSourcesBuildPhase;
			buildActionMask = 2147483647;
			files = (
				01DE9FC92A50EBB300FC1E71 /* PetTrackerIOSUITests.swift in Sources */,
				01DE9FCB2A50EBB300FC1E71 /* PetTrackerIOSUITestsLaunchTests.swift in Sources */,
			);
			runOnlyForDeploymentPostprocessing = 0;
		};
/* End PBXSourcesBuildPhase section */

/* Begin PBXTargetDependency section */
		01DE9FBC2A50EBB300FC1E71 /* PBXTargetDependency */ = {
			isa = PBXTargetDependency;
			target = 01DE9FA32A50EBB100FC1E71 /* PetTrackerIOS */;
			targetProxy = 01DE9FBB2A50EBB300FC1E71 /* PBXContainerItemProxy */;
		};
		01DE9FC62A50EBB300FC1E71 /* PBXTargetDependency */ = {
			isa = PBXTargetDependency;
			target = 01DE9FA32A50EBB100FC1E71 /* PetTrackerIOS */;
			targetProxy = 01DE9FC52A50EBB300FC1E71 /* PBXContainerItemProxy */;
		};
/* End PBXTargetDependency section */

/* Begin PBXVariantGroup section */
		01DE9FB22A50EBB300FC1E71 /* LaunchScreen.storyboard */ = {
			isa = PBXVariantGroup;
			children = (
				01DE9FB32A50EBB300FC1E71 /* Base */,
			);
			name = LaunchScreen.storyboard;
			sourceTree = "<group>";
		};
/* End PBXVariantGroup section */

/* Begin XCBuildConfiguration section */
		01DE9FCC2A50EBB300FC1E71 /* Debug */ = {
			isa = XCBuildConfiguration;
			buildSettings = {
				ALWAYS_SEARCH_USER_PATHS = NO;
				CLANG_ANALYZER_NONNULL = YES;
				CLANG_ANALYZER_NUMBER_OBJECT_CONVERSION = YES_AGGRESSIVE;
				CLANG_CXX_LANGUAGE_STANDARD = "gnu++20";
				CLANG_ENABLE_MODULES = YES;
				CLANG_ENABLE_OBJC_ARC = YES;
				CLANG_ENABLE_OBJC_WEAK = YES;
				CLANG_WARN_BLOCK_CAPTURE_AUTORELEASING = YES;
				CLANG_WARN_BOOL_CONVERSION = YES;
				CLANG_WARN_COMMA = YES;
				CLANG_WARN_CONSTANT_CONVERSION = YES;
				CLANG_WARN_DEPRECATED_OBJC_IMPLEMENTATIONS = YES;
				CLANG_WARN_DIRECT_OBJC_ISA_USAGE = YES_ERROR;
				CLANG_WARN_DOCUMENTATION_COMMENTS = YES;
				CLANG_WARN_EMPTY_BODY = YES;
				CLANG_WARN_ENUM_CONVERSION = YES;
				CLANG_WARN_INFINITE_RECURSION = YES;
				CLANG_WARN_INT_CONVERSION = YES;
				CLANG_WARN_NON_LITERAL_NULL_CONVERSION = YES;
				CLANG_WARN_OBJC_IMPLICIT_RETAIN_SELF = YES;
				CLANG_WARN_OBJC_LITERAL_CONVERSION = YES;
				CLANG_WARN_OBJC_ROOT_CLASS = YES_ERROR;
				CLANG_WARN_QUOTED_INCLUDE_IN_FRAMEWORK_HEADER = YES;
				CLANG_WARN_RANGE_LOOP_ANALYSIS = YES;
				CLANG_WARN_STRICT_PROTOTYPES = YES;
				CLANG_WARN_SUSPICIOUS_MOVE = YES;
				CLANG_WARN_UNGUARDED_AVAILABILITY = YES_AGGRESSIVE;
				CLANG_WARN_UNREACHABLE_CODE = YES;
				CLANG_WARN__DUPLICATE_METHOD_MATCH = YES;
				COPY_PHASE_STRIP = NO;
				DEBUG_INFORMATION_FORMAT = dwarf;
				ENABLE_STRICT_OBJC_MSGSEND = YES;
				ENABLE_TESTABILITY = YES;
				GCC_C_LANGUAGE_STANDARD = gnu11;
				GCC_DYNAMIC_NO_PIC = NO;
				GCC_NO_COMMON_BLOCKS = YES;
				GCC_OPTIMIZATION_LEVEL = 0;
				GCC_PREPROCESSOR_DEFINITIONS = (
					"DEBUG=1",
					"$(inherited)",
				);
				GCC_WARN_64_TO_32_BIT_CONVERSION = YES;
				GCC_WARN_ABOUT_RETURN_TYPE = YES_ERROR;
				GCC_WARN_UNDECLARED_SELECTOR = YES;
				GCC_WARN_UNINITIALIZED_AUTOS = YES_AGGRESSIVE;
				GCC_WARN_UNUSED_FUNCTION = YES;
				GCC_WARN_UNUSED_VARIABLE = YES;
				IPHONEOS_DEPLOYMENT_TARGET = 16.4;
				MTL_ENABLE_DEBUG_INFO = INCLUDE_SOURCE;
				MTL_FAST_MATH = YES;
				ONLY_ACTIVE_ARCH = YES;
				SDKROOT = iphoneos;
				SWIFT_ACTIVE_COMPILATION_CONDITIONS = DEBUG;
				SWIFT_OPTIMIZATION_LEVEL = "-Onone";
			};
			name = Debug;
		};
		01DE9FCD2A50EBB300FC1E71 /* Release */ = {
			isa = XCBuildConfiguration;
			buildSettings = {
				ALWAYS_SEARCH_USER_PATHS = NO;
				CLANG_ANALYZER_NONNULL = YES;
				CLANG_ANALYZER_NUMBER_OBJECT_CONVERSION = YES_AGGRESSIVE;
				CLANG_CXX_LANGUAGE_STANDARD = "gnu++20";
				CLANG_ENABLE_MODULES = YES;
				CLANG_ENABLE_OBJC_ARC = YES;
				CLANG_ENABLE_OBJC_WEAK = YES;
				CLANG_WARN_BLOCK_CAPTURE_AUTORELEASING = YES;
				CLANG_WARN_BOOL_CONVERSION = YES;
				CLANG_WARN_COMMA = YES;
				CLANG_WARN_CONSTANT_CONVERSION = YES;
				CLANG_WARN_DEPRECATED_OBJC_IMPLEMENTATIONS = YES;
				CLANG_WARN_DIRECT_OBJC_ISA_USAGE = YES_ERROR;
				CLANG_WARN_DOCUMENTATION_COMMENTS = YES;
				CLANG_WARN_EMPTY_BODY = YES;
				CLANG_WARN_ENUM_CONVERSION = YES;
				CLANG_WARN_INFINITE_RECURSION = YES;
				CLANG_WARN_INT_CONVERSION = YES;
				CLANG_WARN_NON_LITERAL_NULL_CONVERSION = YES;
				CLANG_WARN_OBJC_IMPLICIT_RETAIN_SELF = YES;
				CLANG_WARN_OBJC_LITERAL_CONVERSION = YES;
				CLANG_WARN_OBJC_ROOT_CLASS = YES_ERROR;
				CLANG_WARN_QUOTED_INCLUDE_IN_FRAMEWORK_HEADER = YES;
				CLANG_WARN_RANGE_LOOP_ANALYSIS = YES;
				CLANG_WARN_STRICT_PROTOTYPES = YES;
				CLANG_WARN_SUSPICIOUS_MOVE = YES;
				CLANG_WARN_UNGUARDED_AVAILABILITY = YES_AGGRESSIVE;
				CLANG_WARN_UNREACHABLE_CODE = YES;
				CLANG_WARN__DUPLICATE_METHOD_MATCH = YES;
				COPY_PHASE_STRIP = NO;
				DEBUG_INFORMATION_FORMAT = "dwarf-with-dsym";
				ENABLE_NS_ASSERTIONS = NO;
				ENABLE_STRICT_OBJC_MSGSEND = YES;
				GCC_C_LANGUAGE_STANDARD = gnu11;
				GCC_NO_COMMON_BLOCKS = YES;
				GCC_WARN_64_TO_32_BIT_CONVERSION = YES;
				GCC_WARN_ABOUT_RETURN_TYPE = YES_ERROR;
				GCC_WARN_UNDECLARED_SELECTOR = YES;
				GCC_WARN_UNINITIALIZED_AUTOS = YES_AGGRESSIVE;
				GCC_WARN_UNUSED_FUNCTION = YES;
				GCC_WARN_UNUSED_VARIABLE = YES;
				IPHONEOS_DEPLOYMENT_TARGET = 16.4;
				MTL_ENABLE_DEBUG_INFO = NO;
				MTL_FAST_MATH = YES;
				SDKROOT = iphoneos;
				SWIFT_COMPILATION_MODE = wholemodule;
				SWIFT_OPTIMIZATION_LEVEL = "-O";
				VALIDATE_PRODUCT = YES;
			};
			name = Release;
		};
		01DE9FCF2A50EBB300FC1E71 /* Debug */ = {
			isa = XCBuildConfiguration;
			buildSettings = {
				ASSETCATALOG_COMPILER_APPICON_NAME = AppIcon;
				ASSETCATALOG_COMPILER_GLOBAL_ACCENT_COLOR_NAME = AccentColor;
				CODE_SIGN_STYLE = Automatic;
				CURRENT_PROJECT_VERSION = 1;
				DEVELOPMENT_TEAM = 672238735N;
				GENERATE_INFOPLIST_FILE = YES;
				INFOPLIST_FILE = PetTrackerIOS/Info.plist;
				INFOPLIST_KEY_UIApplicationSupportsIndirectInputEvents = YES;
				INFOPLIST_KEY_UILaunchStoryboardName = LaunchScreen;
				INFOPLIST_KEY_UIMainStoryboardFile = "";
				INFOPLIST_KEY_UISupportedInterfaceOrientations_iPad = "UIInterfaceOrientationPortrait UIInterfaceOrientationPortraitUpsideDown UIInterfaceOrientationLandscapeLeft UIInterfaceOrientationLandscapeRight";
				INFOPLIST_KEY_UISupportedInterfaceOrientations_iPhone = "UIInterfaceOrientationPortrait UIInterfaceOrientationLandscapeLeft UIInterfaceOrientationLandscapeRight";
				LD_RUNPATH_SEARCH_PATHS = (
					"$(inherited)",
					"@executable_path/Frameworks",
				);
				MARKETING_VERSION = 1.0;
				PRODUCT_BUNDLE_IDENTIFIER = com.hasan.PetTrackerIOS;
				PRODUCT_NAME = "$(TARGET_NAME)";
				SWIFT_EMIT_LOC_STRINGS = YES;
				SWIFT_VERSION = 5.0;
				TARGETED_DEVICE_FAMILY = "1,2";
			};
			name = Debug;
		};
		01DE9FD02A50EBB300FC1E71 /* Release */ = {
			isa = XCBuildConfiguration;
			buildSettings = {
				ASSETCATALOG_COMPILER_APPICON_NAME = AppIcon;
				ASSETCATALOG_COMPILER_GLOBAL_ACCENT_COLOR_NAME = AccentColor;
				CODE_SIGN_STYLE = Automatic;
				CURRENT_PROJECT_VERSION = 1;
				DEVELOPMENT_TEAM = 672238735N;
				GENERATE_INFOPLIST_FILE = YES;
				INFOPLIST_FILE = PetTrackerIOS/Info.plist;
				INFOPLIST_KEY_UIApplicationSupportsIndirectInputEvents = YES;
				INFOPLIST_KEY_UILaunchStoryboardName = LaunchScreen;
				INFOPLIST_KEY_UIMainStoryboardFile = "";
				INFOPLIST_KEY_UISupportedInterfaceOrientations_iPad = "UIInterfaceOrientationPortrait UIInterfaceOrientationPortraitUpsideDown UIInterfaceOrientationLandscapeLeft UIInterfaceOrientationLandscapeRight";
				INFOPLIST_KEY_UISupportedInterfaceOrientations_iPhone = "UIInterfaceOrientationPortrait UIInterfaceOrientationLandscapeLeft UIInterfaceOrientationLandscapeRight";
				LD_RUNPATH_SEARCH_PATHS = (
					"$(inherited)",
					"@executable_path/Frameworks",
				);
				MARKETING_VERSION = 1.0;
				PRODUCT_BUNDLE_IDENTIFIER = com.hasan.PetTrackerIOS;
				PRODUCT_NAME = "$(TARGET_NAME)";
				SWIFT_EMIT_LOC_STRINGS = YES;
				SWIFT_VERSION = 5.0;
				TARGETED_DEVICE_FAMILY = "1,2";
			};
			name = Release;
		};
		01DE9FD22A50EBB300FC1E71 /* Debug */ = {
			isa = XCBuildConfiguration;
			buildSettings = {
				ALWAYS_EMBED_SWIFT_STANDARD_LIBRARIES = YES;
				BUNDLE_LOADER = "$(TEST_HOST)";
				CODE_SIGN_STYLE = Automatic;
				CURRENT_PROJECT_VERSION = 1;
				DEVELOPMENT_TEAM = 672238735N;
				GENERATE_INFOPLIST_FILE = YES;
				IPHONEOS_DEPLOYMENT_TARGET = 16.4;
				MARKETING_VERSION = 1.0;
				PRODUCT_BUNDLE_IDENTIFIER = com.hasan.PetTrackerIOSTests;
				PRODUCT_NAME = "$(TARGET_NAME)";
				SWIFT_EMIT_LOC_STRINGS = NO;
				SWIFT_VERSION = 5.0;
				TARGETED_DEVICE_FAMILY = "1,2";
				TEST_HOST = "$(BUILT_PRODUCTS_DIR)/PetTrackerIOS.app/$(BUNDLE_EXECUTABLE_FOLDER_PATH)/PetTrackerIOS";
			};
			name = Debug;
		};
		01DE9FD32A50EBB300FC1E71 /* Release */ = {
			isa = XCBuildConfiguration;
			buildSettings = {
				ALWAYS_EMBED_SWIFT_STANDARD_LIBRARIES = YES;
				BUNDLE_LOADER = "$(TEST_HOST)";
				CODE_SIGN_STYLE = Automatic;
				CURRENT_PROJECT_VERSION = 1;
				DEVELOPMENT_TEAM = 672238735N;
				GENERATE_INFOPLIST_FILE = YES;
				IPHONEOS_DEPLOYMENT_TARGET = 16.4;
				MARKETING_VERSION = 1.0;
				PRODUCT_BUNDLE_IDENTIFIER = com.hasan.PetTrackerIOSTests;
				PRODUCT_NAME = "$(TARGET_NAME)";
				SWIFT_EMIT_LOC_STRINGS = NO;
				SWIFT_VERSION = 5.0;
				TARGETED_DEVICE_FAMILY = "1,2";
				TEST_HOST = "$(BUILT_PRODUCTS_DIR)/PetTrackerIOS.app/$(BUNDLE_EXECUTABLE_FOLDER_PATH)/PetTrackerIOS";
			};
			name = Release;
		};
		01DE9FD52A50EBB300FC1E71 /* Debug */ = {
			isa = XCBuildConfiguration;
			buildSettings = {
				ALWAYS_EMBED_SWIFT_STANDARD_LIBRARIES = YES;
				CODE_SIGN_STYLE = Automatic;
				CURRENT_PROJECT_VERSION = 1;
				DEVELOPMENT_TEAM = 672238735N;
				GENERATE_INFOPLIST_FILE = YES;
				MARKETING_VERSION = 1.0;
				PRODUCT_BUNDLE_IDENTIFIER = com.hasan.PetTrackerIOSUITests;
				PRODUCT_NAME = "$(TARGET_NAME)";
				SWIFT_EMIT_LOC_STRINGS = NO;
				SWIFT_VERSION = 5.0;
				TARGETED_DEVICE_FAMILY = "1,2";
				TEST_TARGET_NAME = PetTrackerIOS;
			};
			name = Debug;
		};
		01DE9FD62A50EBB300FC1E71 /* Release */ = {
			isa = XCBuildConfiguration;
			buildSettings = {
				ALWAYS_EMBED_SWIFT_STANDARD_LIBRARIES = YES;
				CODE_SIGN_STYLE = Automatic;
				CURRENT_PROJECT_VERSION = 1;
				DEVELOPMENT_TEAM = 672238735N;
				GENERATE_INFOPLIST_FILE = YES;
				MARKETING_VERSION = 1.0;
				PRODUCT_BUNDLE_IDENTIFIER = com.hasan.PetTrackerIOSUITests;
				PRODUCT_NAME = "$(TARGET_NAME)";
				SWIFT_EMIT_LOC_STRINGS = NO;
				SWIFT_VERSION = 5.0;
				TARGETED_DEVICE_FAMILY = "1,2";
				TEST_TARGET_NAME = PetTrackerIOS;
			};
			name = Release;
		};
/* End XCBuildConfiguration section */

/* Begin XCConfigurationList section */
		01DE9F9F2A50EBB100FC1E71 /* Build configuration list for PBXProject "PetTrackerIOS" */ = {
			isa = XCConfigurationList;
			buildConfigurations = (
				01DE9FCC2A50EBB300FC1E71 /* Debug */,
				01DE9FCD2A50EBB300FC1E71 /* Release */,
			);
			defaultConfigurationIsVisible = 0;
			defaultConfigurationName = Release;
		};
		01DE9FCE2A50EBB300FC1E71 /* Build configuration list for PBXNativeTarget "PetTrackerIOS" */ = {
			isa = XCConfigurationList;
			buildConfigurations = (
				01DE9FCF2A50EBB300FC1E71 /* Debug */,
				01DE9FD02A50EBB300FC1E71 /* Release */,
			);
			defaultConfigurationIsVisible = 0;
			defaultConfigurationName = Release;
		};
		01DE9FD12A50EBB300FC1E71 /* Build configuration list for PBXNativeTarget "PetTrackerIOSTests" */ = {
			isa = XCConfigurationList;
			buildConfigurations = (
				01DE9FD22A50EBB300FC1E71 /* Debug */,
				01DE9FD32A50EBB300FC1E71 /* Release */,
			);
			defaultConfigurationIsVisible = 0;
			defaultConfigurationName = Release;
		};
		01DE9FD42A50EBB300FC1E71 /* Build configuration list for PBXNativeTarget "PetTrackerIOSUITests" */ = {
			isa = XCConfigurationList;
			buildConfigurations = (
				01DE9FD52A50EBB300FC1E71 /* Debug */,
				01DE9FD62A50EBB300FC1E71 /* Release */,
			);
			defaultConfigurationIsVisible = 0;
			defaultConfigurationName = Release;
		};
/* End XCConfigurationList section */

/* Begin XCRemoteSwiftPackageReference section */
		01D1263B2A56E7EC004BA1BD /* XCRemoteSwiftPackageReference "Alamofire" */ = {
			isa = XCRemoteSwiftPackageReference;
			repositoryURL = "https://github.com/Alamofire/Alamofire.git";
			requirement = {
				kind = upToNextMajorVersion;
				minimumVersion = 5.0.0;
			};
		};
/* End XCRemoteSwiftPackageReference section */

/* Begin XCSwiftPackageProductDependency section */
		01D1263C2A56E7EC004BA1BD /* Alamofire */ = {
			isa = XCSwiftPackageProductDependency;
			package = 01D1263B2A56E7EC004BA1BD /* XCRemoteSwiftPackageReference "Alamofire" */;
			productName = Alamofire;
		};
/* End XCSwiftPackageProductDependency section */
	};
	rootObject = 01DE9F9C2A50EBB100FC1E71 /* Project object */;
}
